
Microsoft Visual Studio Solution File, Format Version 12.00
# Visual Studio Version 17
VisualStudioVersion = 17.13.35913.81 d17.13
MinimumVisualStudioVersion = 10.0.40219.1
Project("{FAE04EC0-301F-11D3-BF4B-00C04F79EFBC}") = "DoWhile", "DoWhile.csproj", "{AA31E15D-9A90-4D1E-9D32-87B844F81BE9}"
EndProject
Global
	GlobalSection(SolutionConfigurationPlatforms) = preSolution
		Debug|Any CPU = Debug|Any CPU
		Release|Any CPU = Release|Any CPU
	EndGlobalSection
	GlobalSection(ProjectConfigurationPlatforms) = postSolution
		{AA31E15D-9A90-4D1E-9D32-87B844F81BE9}.Debug|Any CPU.ActiveCfg = Debug|Any CPU
		{AA31E15D-9A90-4D1E-9D32-87B844F81BE9}.Debug|Any CPU.Build.0 = Debug|Any CPU
		{AA31E15D-9A90-4D1E-9D32-87B844F81BE9}.Release|Any CPU.ActiveCfg = Release|Any CPU
		{AA31E15D-9A90-4D1E-9D32-87B844F81BE9}.Release|Any CPU.Build.0 = Release|Any CPU
	EndGlobalSection
	GlobalSection(SolutionProperties) = preSolution
		HideSolutionNode = FALSE
	EndGlobalSection
	GlobalSection(ExtensibilityGlobals) = postSolution
		SolutionGuid = {80F1F9A3-46CA-437E-8BE8-02B98A7F305B}
	EndGlobalSection
EndGlobal
